
Microsoft Visual Studio Solution File, Format Version 12.00
# Visual Studio 15
VisualStudioVersion = 15.0.26730.12
MinimumVisualStudioVersion = 10.0.40219.1
Project("{2150E333-8FDC-42A3-9474-1A3956D46DE8}") = "src", "src", "{A321168A-8AB7-4793-A10E-526D474D33F0}"
EndProject
Project("{2150E333-8FDC-42A3-9474-1A3956D46DE8}") = "Solution Items", "Solution Items", "{C5330108-494E-4DDF-AC93-C12D5D3CC4D2}"
EndProject
Project("{9A19103F-16F7-4668-BE54-9A1E7A4F7556}") = "Jy.MVC", "src\Jy.MVC\Jy.MVC.csproj", "{5301DCE9-BDD2-42EC-BBBD-4E16F15888B2}"
EndProject
Project("{9A19103F-16F7-4668-BE54-9A1E7A4F7556}") = "Jy.EntityFrameworkCore", "src\Jy.EntityFrameworkCore\Jy.EntityFrameworkCore.csproj", "{54C4556A-6E3C-49C2-8D21-3C643DBCF8CF}"
EndProject
Project("{9A19103F-16F7-4668-BE54-9A1E7A4F7556}") = "Jy.TokenAuth", "src\Jy.TokenAuth\Jy.TokenAuth.csproj", "{CA39B0EE-D43E-4DC9-A239-64CEED880664}"
EndProject
Project("{9A19103F-16F7-4668-BE54-9A1E7A4F7556}") = "Jy.Kafka", "src\Jy.Kafka\Jy.Kafka.csproj", "{4B8B25E9-57C4-4AA5-AF1B-EB69139E0A05}"
EndProject
Project("{9A19103F-16F7-4668-BE54-9A1E7A4F7556}") = "Jy.MVCAuthorization", "src\Jy.MVCAuthorization\Jy.MVCAuthorization.csproj", "{84DAABF8-B704-42E1-AE4C-47B123424EE6}"
EndProject
Project("{2150E333-8FDC-42A3-9474-1A3956D46DE8}") = "WebApp", "WebApp", "{2BDBC979-14D4-4885-A669-63C42F58959F}"
EndProject
Project("{2150E333-8FDC-42A3-9474-1A3956D46DE8}") = "BuildingBlocks", "BuildingBlocks", "{4C1C4B7D-E7A0-4BE8-8A25-184895E7D6FF}"
EndProject
Project("{2150E333-8FDC-42A3-9474-1A3956D46DE8}") = "Services", "Services", "{A4FC4A5E-B281-4B15-9936-9E8DA8E597A7}"
EndProject
Project("{2150E333-8FDC-42A3-9474-1A3956D46DE8}") = "AuthAdmin", "AuthAdmin", "{1A101DC5-80BF-4F4F-A224-3A0894455999}"
EndProject
Project("{2150E333-8FDC-42A3-9474-1A3956D46DE8}") = "Identity", "Identity", "{A4FB213A-074A-4872-B289-8D83F4973374}"
EndProject
Project("{2150E333-8FDC-42A3-9474-1A3956D46DE8}") = "ConsumerApp", "ConsumerApp", "{39C28E67-AC91-4A27-BF9C-18082A3F4689}"
EndProject
Project("{9A19103F-16F7-4668-BE54-9A1E7A4F7556}") = "Jy.ICache", "src\Jy.ICache\Jy.ICache.csproj", "{89F5AD22-44F4-4D0E-AAB6-50714FB31C8F}"
EndProject
Project("{9A19103F-16F7-4668-BE54-9A1E7A4F7556}") = "Jy.IMessageQueue", "src\Jy.IMessageQueue\Jy.IMessageQueue.csproj", "{FA4A0BF6-6D2E-4AED-8957-71CDFC809D63}"
EndProject
Project("{9A19103F-16F7-4668-BE54-9A1E7A4F7556}") = "Jy.DistributedLock", "src\Jy.DistributedLock\Jy.DistributedLock.csproj", "{7AE17D2E-00D4-48CF-8CF3-B057026C95CE}"
EndProject
Project("{9A19103F-16F7-4668-BE54-9A1E7A4F7556}") = "Jy.ProcessMessage", "src\Jy.ProcessMessage\Jy.ProcessMessage.csproj", "{BF92FF4A-FA1C-4233-9E07-A1319CE9B2E6}"
EndProject
Project("{9A19103F-16F7-4668-BE54-9A1E7A4F7556}") = "Jy.Cache", "src\Jy.Cache\Jy.Cache.csproj", "{915C15C2-0214-44FB-80F5-E294558043E2}"
EndProject
Project("{9A19103F-16F7-4668-BE54-9A1E7A4F7556}") = "Jy.Application", "src\Jy.Application\Jy.Application.csproj", "{9F0478E6-BB09-4EDD-B103-DB1443B12E8D}"
EndProject
Project("{9A19103F-16F7-4668-BE54-9A1E7A4F7556}") = "Jy.RabbitMQ", "src\Jy.RabbitMQ\Jy.RabbitMQ.csproj", "{CAC75CF3-02D8-4072-ABC1-1A3D9F7A1194}"
EndProject
Project("{9A19103F-16F7-4668-BE54-9A1E7A4F7556}") = "Jy.ILog", "src\Jy.ILog\Jy.ILog.csproj", "{4FB52AA6-A6AD-48FE-B4E9-F72229F60CF3}"
EndProject
Project("{2150E333-8FDC-42A3-9474-1A3956D46DE8}") = "Resilience", "Resilience", "{CC196996-5886-45BF-BA2D-9520C14A4C5D}"
EndProject
Project("{9A19103F-16F7-4668-BE54-9A1E7A4F7556}") = "Jy.Resilience.Http", "src\Jy.Resilience.Http\Jy.Resilience.Http.csproj", "{1A003E53-7562-4615-BF59-83FB82A097BC}"
EndProject
Project("{9A19103F-16F7-4668-BE54-9A1E7A4F7556}") = "Jy.AuthAdmin.API", "src\Jy.AuthAdmin.API\Jy.AuthAdmin.API.csproj", "{C1A6BA61-99CD-4CA4-B87F-E847BACC9CFD}"
EndProject
Project("{2150E333-8FDC-42A3-9474-1A3956D46DE8}") = "Cache", "Cache", "{22096B4E-A812-4046-8100-1939CC461167}"
EndProject
Project("{2150E333-8FDC-42A3-9474-1A3956D46DE8}") = "MessageQueue", "MessageQueue", "{E7EF3144-4D21-494C-AD50-ECF2604105C3}"
EndProject
Project("{9A19103F-16F7-4668-BE54-9A1E7A4F7556}") = "Jy.Domain", "src\Jy.Domain\Jy.Domain.csproj", "{B8B1DCF1-E64F-468A-B58B-D035EC0B3C74}"
EndProject
Project("{9A19103F-16F7-4668-BE54-9A1E7A4F7556}") = "Jy.Utility", "src\Jy.Utility\Jy.Utility.csproj", "{589E7CF3-431E-41F6-A0A2-EAED1BBA3F66}"
EndProject
Project("{9A19103F-16F7-4668-BE54-9A1E7A4F7556}") = "Jy.Dapper", "src\Jy.Dapper\Jy.Dapper.csproj", "{FD7DFDBC-4FF7-44D9-9362-D2ADBFF74C1A}"
EndProject
Project("{2150E333-8FDC-42A3-9474-1A3956D46DE8}") = "AuthAdmin", "AuthAdmin", "{7A14234D-24FA-4CCF-AB0F-EAC4CBA8D883}"
EndProject
Project("{9A19103F-16F7-4668-BE54-9A1E7A4F7556}") = "Jy.DistributedLockHandler", "src\Jy.DistributedLockHandler\Jy.DistributedLockHandler.csproj", "{FCF30BD2-AB40-4A17-AFDC-229B327802D8}"
EndProject
Project("{9A19103F-16F7-4668-BE54-9A1E7A4F7556}") = "Jy.ConsumerAuth", "src\Jy.ConsumerAuth\Jy.ConsumerAuth.csproj", "{CCFA3742-BC03-4010-ABE1-BDF671C13149}"
EndProject
Project("{9A19103F-16F7-4668-BE54-9A1E7A4F7556}") = "Jy.QueueService", "src\Jy.QueueService\Jy.QueueService.csproj", "{0EA134D6-3998-4358-BE1A-598EF2279A61}"
EndProject
Project("{9A19103F-16F7-4668-BE54-9A1E7A4F7556}") = "Jy.CacheService", "src\Jy.CacheService\Jy.CacheService.csproj", "{3F146E27-7A52-4932-A520-2990E94B5AEA}"
EndProject
Project("{2150E333-8FDC-42A3-9474-1A3956D46DE8}") = "AuthAdmin", "AuthAdmin", "{4230F10C-70E1-40E7-9B7E-F99C09443741}"
EndProject
Project("{9A19103F-16F7-4668-BE54-9A1E7A4F7556}") = "Jy.TokenService", "src\Jy.TokenService\Jy.TokenService.csproj", "{9B9A9FD3-E7F8-4201-85E4-43E9766DD881}"
EndProject
Project("{2150E333-8FDC-42A3-9474-1A3956D46DE8}") = "CRM", "CRM", "{BBBCCF1B-690D-47BF-8ADD-DEAF1E547695}"
EndProject
Project("{9A19103F-16F7-4668-BE54-9A1E7A4F7556}") = "Jy.CRM.Domain", "src\CRM\Jy.CRM.Domain\Jy.CRM.Domain.csproj", "{14224CC5-FDBE-4411-A710-E447742F0830}"
EndProject
Project("{2150E333-8FDC-42A3-9474-1A3956D46DE8}") = "SecKill", "SecKill", "{65D212C2-462C-488B-8F68-B6AFBC23495E}"
EndProject
Project("{9A19103F-16F7-4668-BE54-9A1E7A4F7556}") = "Jy.CRM.EntityFrameworkCore", "src\CRM\Jy.CRM.EntityFrameworkCore\Jy.CRM.EntityFrameworkCore.csproj", "{74BDEBEB-370E-4EE3-B2DF-D0E6E09856AD}"
EndProject
Project("{9A19103F-16F7-4668-BE54-9A1E7A4F7556}") = "Jy.IRepositories", "src\Jy.IRepository\Jy.IRepositories.csproj", "{3BF4EE86-E412-4D76-B719-91E277F7D654}"
EndProject
Project("{9A19103F-16F7-4668-BE54-9A1E7A4F7556}") = "Jy.EntityFramewordCoreBase", "src\Jy.EntityFramewordCoreBase\Jy.EntityFramewordCoreBase.csproj", "{B592EE53-6774-46D2-B94D-47C50C01CF53}"
EndProject
Project("{2150E333-8FDC-42A3-9474-1A3956D46DE8}") = "Repositories", "Repositories", "{1F85742B-7632-4C43-9EF7-8E48C66BE925}"
EndProject
Project("{9A19103F-16F7-4668-BE54-9A1E7A4F7556}") = "Jy.CRM.API", "src\CRM\Jy.CRM.API\Jy.CRM.API.csproj", "{1AEBF4E8-1D36-482D-8636-478D4BAAF1C0}"
EndProject
Project("{9A19103F-16F7-4668-BE54-9A1E7A4F7556}") = "Jy.CRM.Application", "src\CRM\Jy.CRM.Application\Jy.CRM.Application.csproj", "{F4EC66A4-E5A9-4E05-9B09-C2FC373C6E64}"
EndProject
Project("{9A19103F-16F7-4668-BE54-9A1E7A4F7556}") = "Jy.ServicesKeep", "src\Jy.ServicesKeep\Jy.ServicesKeep.csproj", "{7B2ABF72-FEC2-4BC8-959A-DA208033AE41}"
EndProject
Project("{9A19103F-16F7-4668-BE54-9A1E7A4F7556}") = "Jy.ServicesKeepWatcher", "src\Jy.ServicesKeepWatcher\Jy.ServicesKeepWatcher.csproj", "{C2B45E13-C681-47C0-B3BF-FBA91AD349DE}"
EndProject
Project("{9A19103F-16F7-4668-BE54-9A1E7A4F7556}") = "Jy.HealthCheck", "src\Jy.HealthCheck\Jy.HealthCheck.csproj", "{F524FDD6-151A-4B0A-BFBF-D659B62894F9}"
EndProject
Global
	GlobalSection(SolutionConfigurationPlatforms) = preSolution
		Debug|Any CPU = Debug|Any CPU
		Release|Any CPU = Release|Any CPU
	EndGlobalSection
	GlobalSection(ProjectConfigurationPlatforms) = postSolution
		{5301DCE9-BDD2-42EC-BBBD-4E16F15888B2}.Debug|Any CPU.ActiveCfg = Debug|Any CPU
		{5301DCE9-BDD2-42EC-BBBD-4E16F15888B2}.Debug|Any CPU.Build.0 = Debug|Any CPU
		{5301DCE9-BDD2-42EC-BBBD-4E16F15888B2}.Release|Any CPU.ActiveCfg = Release|Any CPU
		{5301DCE9-BDD2-42EC-BBBD-4E16F15888B2}.Release|Any CPU.Build.0 = Release|Any CPU
		{54C4556A-6E3C-49C2-8D21-3C643DBCF8CF}.Debug|Any CPU.ActiveCfg = Debug|Any CPU
		{54C4556A-6E3C-49C2-8D21-3C643DBCF8CF}.Debug|Any CPU.Build.0 = Debug|Any CPU
		{54C4556A-6E3C-49C2-8D21-3C643DBCF8CF}.Release|Any CPU.ActiveCfg = Release|Any CPU
		{54C4556A-6E3C-49C2-8D21-3C643DBCF8CF}.Release|Any CPU.Build.0 = Release|Any CPU
		{CA39B0EE-D43E-4DC9-A239-64CEED880664}.Debug|Any CPU.ActiveCfg = Debug|Any CPU
		{CA39B0EE-D43E-4DC9-A239-64CEED880664}.Debug|Any CPU.Build.0 = Debug|Any CPU
		{CA39B0EE-D43E-4DC9-A239-64CEED880664}.Release|Any CPU.ActiveCfg = Release|Any CPU
		{CA39B0EE-D43E-4DC9-A239-64CEED880664}.Release|Any CPU.Build.0 = Release|Any CPU
		{4B8B25E9-57C4-4AA5-AF1B-EB69139E0A05}.Debug|Any CPU.ActiveCfg = Debug|Any CPU
		{4B8B25E9-57C4-4AA5-AF1B-EB69139E0A05}.Debug|Any CPU.Build.0 = Debug|Any CPU
		{4B8B25E9-57C4-4AA5-AF1B-EB69139E0A05}.Release|Any CPU.ActiveCfg = Release|Any CPU
		{4B8B25E9-57C4-4AA5-AF1B-EB69139E0A05}.Release|Any CPU.Build.0 = Release|Any CPU
		{84DAABF8-B704-42E1-AE4C-47B123424EE6}.Debug|Any CPU.ActiveCfg = Debug|Any CPU
		{84DAABF8-B704-42E1-AE4C-47B123424EE6}.Debug|Any CPU.Build.0 = Debug|Any CPU
		{84DAABF8-B704-42E1-AE4C-47B123424EE6}.Release|Any CPU.ActiveCfg = Release|Any CPU
		{84DAABF8-B704-42E1-AE4C-47B123424EE6}.Release|Any CPU.Build.0 = Release|Any CPU
		{89F5AD22-44F4-4D0E-AAB6-50714FB31C8F}.Debug|Any CPU.ActiveCfg = Debug|Any CPU
		{89F5AD22-44F4-4D0E-AAB6-50714FB31C8F}.Debug|Any CPU.Build.0 = Debug|Any CPU
		{89F5AD22-44F4-4D0E-AAB6-50714FB31C8F}.Release|Any CPU.ActiveCfg = Release|Any CPU
		{89F5AD22-44F4-4D0E-AAB6-50714FB31C8F}.Release|Any CPU.Build.0 = Release|Any CPU
		{FA4A0BF6-6D2E-4AED-8957-71CDFC809D63}.Debug|Any CPU.ActiveCfg = Debug|Any CPU
		{FA4A0BF6-6D2E-4AED-8957-71CDFC809D63}.Debug|Any CPU.Build.0 = Debug|Any CPU
		{FA4A0BF6-6D2E-4AED-8957-71CDFC809D63}.Release|Any CPU.ActiveCfg = Release|Any CPU
		{FA4A0BF6-6D2E-4AED-8957-71CDFC809D63}.Release|Any CPU.Build.0 = Release|Any CPU
		{7AE17D2E-00D4-48CF-8CF3-B057026C95CE}.Debug|Any CPU.ActiveCfg = Debug|Any CPU
		{7AE17D2E-00D4-48CF-8CF3-B057026C95CE}.Debug|Any CPU.Build.0 = Debug|Any CPU
		{7AE17D2E-00D4-48CF-8CF3-B057026C95CE}.Release|Any CPU.ActiveCfg = Release|Any CPU
		{7AE17D2E-00D4-48CF-8CF3-B057026C95CE}.Release|Any CPU.Build.0 = Release|Any CPU
		{BF92FF4A-FA1C-4233-9E07-A1319CE9B2E6}.Debug|Any CPU.ActiveCfg = Debug|Any CPU
		{BF92FF4A-FA1C-4233-9E07-A1319CE9B2E6}.Debug|Any CPU.Build.0 = Debug|Any CPU
		{BF92FF4A-FA1C-4233-9E07-A1319CE9B2E6}.Release|Any CPU.ActiveCfg = Release|Any CPU
		{BF92FF4A-FA1C-4233-9E07-A1319CE9B2E6}.Release|Any CPU.Build.0 = Release|Any CPU
		{915C15C2-0214-44FB-80F5-E294558043E2}.Debug|Any CPU.ActiveCfg = Debug|Any CPU
		{915C15C2-0214-44FB-80F5-E294558043E2}.Debug|Any CPU.Build.0 = Debug|Any CPU
		{915C15C2-0214-44FB-80F5-E294558043E2}.Release|Any CPU.ActiveCfg = Release|Any CPU
		{915C15C2-0214-44FB-80F5-E294558043E2}.Release|Any CPU.Build.0 = Release|Any CPU
		{9F0478E6-BB09-4EDD-B103-DB1443B12E8D}.Debug|Any CPU.ActiveCfg = Debug|Any CPU
		{9F0478E6-BB09-4EDD-B103-DB1443B12E8D}.Debug|Any CPU.Build.0 = Debug|Any CPU
		{9F0478E6-BB09-4EDD-B103-DB1443B12E8D}.Release|Any CPU.ActiveCfg = Release|Any CPU
		{9F0478E6-BB09-4EDD-B103-DB1443B12E8D}.Release|Any CPU.Build.0 = Release|Any CPU
		{CAC75CF3-02D8-4072-ABC1-1A3D9F7A1194}.Debug|Any CPU.ActiveCfg = Debug|Any CPU
		{CAC75CF3-02D8-4072-ABC1-1A3D9F7A1194}.Debug|Any CPU.Build.0 = Debug|Any CPU
		{CAC75CF3-02D8-4072-ABC1-1A3D9F7A1194}.Release|Any CPU.ActiveCfg = Release|Any CPU
		{CAC75CF3-02D8-4072-ABC1-1A3D9F7A1194}.Release|Any CPU.Build.0 = Release|Any CPU
		{4FB52AA6-A6AD-48FE-B4E9-F72229F60CF3}.Debug|Any CPU.ActiveCfg = Debug|Any CPU
		{4FB52AA6-A6AD-48FE-B4E9-F72229F60CF3}.Debug|Any CPU.Build.0 = Debug|Any CPU
		{4FB52AA6-A6AD-48FE-B4E9-F72229F60CF3}.Release|Any CPU.ActiveCfg = Release|Any CPU
		{4FB52AA6-A6AD-48FE-B4E9-F72229F60CF3}.Release|Any CPU.Build.0 = Release|Any CPU
		{1A003E53-7562-4615-BF59-83FB82A097BC}.Debug|Any CPU.ActiveCfg = Debug|Any CPU
		{1A003E53-7562-4615-BF59-83FB82A097BC}.Debug|Any CPU.Build.0 = Debug|Any CPU
		{1A003E53-7562-4615-BF59-83FB82A097BC}.Release|Any CPU.ActiveCfg = Release|Any CPU
		{1A003E53-7562-4615-BF59-83FB82A097BC}.Release|Any CPU.Build.0 = Release|Any CPU
		{C1A6BA61-99CD-4CA4-B87F-E847BACC9CFD}.Debug|Any CPU.ActiveCfg = Debug|Any CPU
		{C1A6BA61-99CD-4CA4-B87F-E847BACC9CFD}.Debug|Any CPU.Build.0 = Debug|Any CPU
		{C1A6BA61-99CD-4CA4-B87F-E847BACC9CFD}.Release|Any CPU.ActiveCfg = Release|Any CPU
		{C1A6BA61-99CD-4CA4-B87F-E847BACC9CFD}.Release|Any CPU.Build.0 = Release|Any CPU
		{B8B1DCF1-E64F-468A-B58B-D035EC0B3C74}.Debug|Any CPU.ActiveCfg = Debug|Any CPU
		{B8B1DCF1-E64F-468A-B58B-D035EC0B3C74}.Debug|Any CPU.Build.0 = Debug|Any CPU
		{B8B1DCF1-E64F-468A-B58B-D035EC0B3C74}.Release|Any CPU.ActiveCfg = Release|Any CPU
		{B8B1DCF1-E64F-468A-B58B-D035EC0B3C74}.Release|Any CPU.Build.0 = Release|Any CPU
		{589E7CF3-431E-41F6-A0A2-EAED1BBA3F66}.Debug|Any CPU.ActiveCfg = Debug|Any CPU
		{589E7CF3-431E-41F6-A0A2-EAED1BBA3F66}.Debug|Any CPU.Build.0 = Debug|Any CPU
		{589E7CF3-431E-41F6-A0A2-EAED1BBA3F66}.Release|Any CPU.ActiveCfg = Release|Any CPU
		{589E7CF3-431E-41F6-A0A2-EAED1BBA3F66}.Release|Any CPU.Build.0 = Release|Any CPU
		{FD7DFDBC-4FF7-44D9-9362-D2ADBFF74C1A}.Debug|Any CPU.ActiveCfg = Debug|Any CPU
		{FD7DFDBC-4FF7-44D9-9362-D2ADBFF74C1A}.Debug|Any CPU.Build.0 = Debug|Any CPU
		{FD7DFDBC-4FF7-44D9-9362-D2ADBFF74C1A}.Release|Any CPU.ActiveCfg = Release|Any CPU
		{FD7DFDBC-4FF7-44D9-9362-D2ADBFF74C1A}.Release|Any CPU.Build.0 = Release|Any CPU
		{FCF30BD2-AB40-4A17-AFDC-229B327802D8}.Debug|Any CPU.ActiveCfg = Debug|Any CPU
		{FCF30BD2-AB40-4A17-AFDC-229B327802D8}.Debug|Any CPU.Build.0 = Debug|Any CPU
		{FCF30BD2-AB40-4A17-AFDC-229B327802D8}.Release|Any CPU.ActiveCfg = Release|Any CPU
		{FCF30BD2-AB40-4A17-AFDC-229B327802D8}.Release|Any CPU.Build.0 = Release|Any CPU
		{CCFA3742-BC03-4010-ABE1-BDF671C13149}.Debug|Any CPU.ActiveCfg = Debug|Any CPU
		{CCFA3742-BC03-4010-ABE1-BDF671C13149}.Debug|Any CPU.Build.0 = Debug|Any CPU
		{CCFA3742-BC03-4010-ABE1-BDF671C13149}.Release|Any CPU.ActiveCfg = Release|Any CPU
		{CCFA3742-BC03-4010-ABE1-BDF671C13149}.Release|Any CPU.Build.0 = Release|Any CPU
		{0EA134D6-3998-4358-BE1A-598EF2279A61}.Debug|Any CPU.ActiveCfg = Debug|Any CPU
		{0EA134D6-3998-4358-BE1A-598EF2279A61}.Debug|Any CPU.Build.0 = Debug|Any CPU
		{0EA134D6-3998-4358-BE1A-598EF2279A61}.Release|Any CPU.ActiveCfg = Release|Any CPU
		{0EA134D6-3998-4358-BE1A-598EF2279A61}.Release|Any CPU.Build.0 = Release|Any CPU
		{3F146E27-7A52-4932-A520-2990E94B5AEA}.Debug|Any CPU.ActiveCfg = Debug|Any CPU
		{3F146E27-7A52-4932-A520-2990E94B5AEA}.Debug|Any CPU.Build.0 = Debug|Any CPU
		{3F146E27-7A52-4932-A520-2990E94B5AEA}.Release|Any CPU.ActiveCfg = Release|Any CPU
		{3F146E27-7A52-4932-A520-2990E94B5AEA}.Release|Any CPU.Build.0 = Release|Any CPU
		{9B9A9FD3-E7F8-4201-85E4-43E9766DD881}.Debug|Any CPU.ActiveCfg = Debug|Any CPU
		{9B9A9FD3-E7F8-4201-85E4-43E9766DD881}.Debug|Any CPU.Build.0 = Debug|Any CPU
		{9B9A9FD3-E7F8-4201-85E4-43E9766DD881}.Release|Any CPU.ActiveCfg = Release|Any CPU
		{9B9A9FD3-E7F8-4201-85E4-43E9766DD881}.Release|Any CPU.Build.0 = Release|Any CPU
		{14224CC5-FDBE-4411-A710-E447742F0830}.Debug|Any CPU.ActiveCfg = Debug|Any CPU
		{14224CC5-FDBE-4411-A710-E447742F0830}.Debug|Any CPU.Build.0 = Debug|Any CPU
		{14224CC5-FDBE-4411-A710-E447742F0830}.Release|Any CPU.ActiveCfg = Release|Any CPU
		{14224CC5-FDBE-4411-A710-E447742F0830}.Release|Any CPU.Build.0 = Release|Any CPU
		{74BDEBEB-370E-4EE3-B2DF-D0E6E09856AD}.Debug|Any CPU.ActiveCfg = Debug|Any CPU
		{74BDEBEB-370E-4EE3-B2DF-D0E6E09856AD}.Debug|Any CPU.Build.0 = Debug|Any CPU
		{74BDEBEB-370E-4EE3-B2DF-D0E6E09856AD}.Release|Any CPU.ActiveCfg = Release|Any CPU
		{74BDEBEB-370E-4EE3-B2DF-D0E6E09856AD}.Release|Any CPU.Build.0 = Release|Any CPU
		{3BF4EE86-E412-4D76-B719-91E277F7D654}.Debug|Any CPU.ActiveCfg = Debug|Any CPU
		{3BF4EE86-E412-4D76-B719-91E277F7D654}.Debug|Any CPU.Build.0 = Debug|Any CPU
		{3BF4EE86-E412-4D76-B719-91E277F7D654}.Release|Any CPU.ActiveCfg = Release|Any CPU
		{3BF4EE86-E412-4D76-B719-91E277F7D654}.Release|Any CPU.Build.0 = Release|Any CPU
		{B592EE53-6774-46D2-B94D-47C50C01CF53}.Debug|Any CPU.ActiveCfg = Debug|Any CPU
		{B592EE53-6774-46D2-B94D-47C50C01CF53}.Debug|Any CPU.Build.0 = Debug|Any CPU
		{B592EE53-6774-46D2-B94D-47C50C01CF53}.Release|Any CPU.ActiveCfg = Release|Any CPU
		{B592EE53-6774-46D2-B94D-47C50C01CF53}.Release|Any CPU.Build.0 = Release|Any CPU
		{1AEBF4E8-1D36-482D-8636-478D4BAAF1C0}.Debug|Any CPU.ActiveCfg = Debug|Any CPU
		{1AEBF4E8-1D36-482D-8636-478D4BAAF1C0}.Debug|Any CPU.Build.0 = Debug|Any CPU
		{1AEBF4E8-1D36-482D-8636-478D4BAAF1C0}.Release|Any CPU.ActiveCfg = Release|Any CPU
		{1AEBF4E8-1D36-482D-8636-478D4BAAF1C0}.Release|Any CPU.Build.0 = Release|Any CPU
		{F4EC66A4-E5A9-4E05-9B09-C2FC373C6E64}.Debug|Any CPU.ActiveCfg = Debug|Any CPU
		{F4EC66A4-E5A9-4E05-9B09-C2FC373C6E64}.Debug|Any CPU.Build.0 = Debug|Any CPU
		{F4EC66A4-E5A9-4E05-9B09-C2FC373C6E64}.Release|Any CPU.ActiveCfg = Release|Any CPU
		{F4EC66A4-E5A9-4E05-9B09-C2FC373C6E64}.Release|Any CPU.Build.0 = Release|Any CPU
		{7B2ABF72-FEC2-4BC8-959A-DA208033AE41}.Debug|Any CPU.ActiveCfg = Debug|Any CPU
		{7B2ABF72-FEC2-4BC8-959A-DA208033AE41}.Debug|Any CPU.Build.0 = Debug|Any CPU
		{7B2ABF72-FEC2-4BC8-959A-DA208033AE41}.Release|Any CPU.ActiveCfg = Release|Any CPU
		{7B2ABF72-FEC2-4BC8-959A-DA208033AE41}.Release|Any CPU.Build.0 = Release|Any CPU
		{C2B45E13-C681-47C0-B3BF-FBA91AD349DE}.Debug|Any CPU.ActiveCfg = Debug|Any CPU
		{C2B45E13-C681-47C0-B3BF-FBA91AD349DE}.Debug|Any CPU.Build.0 = Debug|Any CPU
		{C2B45E13-C681-47C0-B3BF-FBA91AD349DE}.Release|Any CPU.ActiveCfg = Release|Any CPU
		{C2B45E13-C681-47C0-B3BF-FBA91AD349DE}.Release|Any CPU.Build.0 = Release|Any CPU
		{F524FDD6-151A-4B0A-BFBF-D659B62894F9}.Debug|Any CPU.ActiveCfg = Debug|Any CPU
		{F524FDD6-151A-4B0A-BFBF-D659B62894F9}.Debug|Any CPU.Build.0 = Debug|Any CPU
		{F524FDD6-151A-4B0A-BFBF-D659B62894F9}.Release|Any CPU.ActiveCfg = Release|Any CPU
		{F524FDD6-151A-4B0A-BFBF-D659B62894F9}.Release|Any CPU.Build.0 = Release|Any CPU
	EndGlobalSection
	GlobalSection(SolutionProperties) = preSolution
		HideSolutionNode = FALSE
	EndGlobalSection
	GlobalSection(NestedProjects) = preSolution
		{5301DCE9-BDD2-42EC-BBBD-4E16F15888B2} = {4230F10C-70E1-40E7-9B7E-F99C09443741}
		{54C4556A-6E3C-49C2-8D21-3C643DBCF8CF} = {1A101DC5-80BF-4F4F-A224-3A0894455999}
		{CA39B0EE-D43E-4DC9-A239-64CEED880664} = {A4FB213A-074A-4872-B289-8D83F4973374}
		{4B8B25E9-57C4-4AA5-AF1B-EB69139E0A05} = {E7EF3144-4D21-494C-AD50-ECF2604105C3}
		{84DAABF8-B704-42E1-AE4C-47B123424EE6} = {A4FB213A-074A-4872-B289-8D83F4973374}
		{2BDBC979-14D4-4885-A669-63C42F58959F} = {A321168A-8AB7-4793-A10E-526D474D33F0}
		{4C1C4B7D-E7A0-4BE8-8A25-184895E7D6FF} = {A321168A-8AB7-4793-A10E-526D474D33F0}
		{A4FC4A5E-B281-4B15-9936-9E8DA8E597A7} = {A321168A-8AB7-4793-A10E-526D474D33F0}
		{1A101DC5-80BF-4F4F-A224-3A0894455999} = {A4FC4A5E-B281-4B15-9936-9E8DA8E597A7}
		{A4FB213A-074A-4872-B289-8D83F4973374} = {1A101DC5-80BF-4F4F-A224-3A0894455999}
		{39C28E67-AC91-4A27-BF9C-18082A3F4689} = {A321168A-8AB7-4793-A10E-526D474D33F0}
		{89F5AD22-44F4-4D0E-AAB6-50714FB31C8F} = {22096B4E-A812-4046-8100-1939CC461167}
		{FA4A0BF6-6D2E-4AED-8957-71CDFC809D63} = {E7EF3144-4D21-494C-AD50-ECF2604105C3}
		{7AE17D2E-00D4-48CF-8CF3-B057026C95CE} = {4C1C4B7D-E7A0-4BE8-8A25-184895E7D6FF}
		{BF92FF4A-FA1C-4233-9E07-A1319CE9B2E6} = {7A14234D-24FA-4CCF-AB0F-EAC4CBA8D883}
		{915C15C2-0214-44FB-80F5-E294558043E2} = {22096B4E-A812-4046-8100-1939CC461167}
		{9F0478E6-BB09-4EDD-B103-DB1443B12E8D} = {1A101DC5-80BF-4F4F-A224-3A0894455999}
		{CAC75CF3-02D8-4072-ABC1-1A3D9F7A1194} = {E7EF3144-4D21-494C-AD50-ECF2604105C3}
		{4FB52AA6-A6AD-48FE-B4E9-F72229F60CF3} = {4C1C4B7D-E7A0-4BE8-8A25-184895E7D6FF}
		{CC196996-5886-45BF-BA2D-9520C14A4C5D} = {4C1C4B7D-E7A0-4BE8-8A25-184895E7D6FF}
		{1A003E53-7562-4615-BF59-83FB82A097BC} = {CC196996-5886-45BF-BA2D-9520C14A4C5D}
		{C1A6BA61-99CD-4CA4-B87F-E847BACC9CFD} = {1A101DC5-80BF-4F4F-A224-3A0894455999}
		{22096B4E-A812-4046-8100-1939CC461167} = {4C1C4B7D-E7A0-4BE8-8A25-184895E7D6FF}
		{E7EF3144-4D21-494C-AD50-ECF2604105C3} = {4C1C4B7D-E7A0-4BE8-8A25-184895E7D6FF}
		{B8B1DCF1-E64F-468A-B58B-D035EC0B3C74} = {1A101DC5-80BF-4F4F-A224-3A0894455999}
		{589E7CF3-431E-41F6-A0A2-EAED1BBA3F66} = {4C1C4B7D-E7A0-4BE8-8A25-184895E7D6FF}
		{FD7DFDBC-4FF7-44D9-9362-D2ADBFF74C1A} = {1A101DC5-80BF-4F4F-A224-3A0894455999}
		{7A14234D-24FA-4CCF-AB0F-EAC4CBA8D883} = {39C28E67-AC91-4A27-BF9C-18082A3F4689}
		{FCF30BD2-AB40-4A17-AFDC-229B327802D8} = {4C1C4B7D-E7A0-4BE8-8A25-184895E7D6FF}
		{CCFA3742-BC03-4010-ABE1-BDF671C13149} = {7A14234D-24FA-4CCF-AB0F-EAC4CBA8D883}
		{0EA134D6-3998-4358-BE1A-598EF2279A61} = {E7EF3144-4D21-494C-AD50-ECF2604105C3}
		{3F146E27-7A52-4932-A520-2990E94B5AEA} = {22096B4E-A812-4046-8100-1939CC461167}
		{4230F10C-70E1-40E7-9B7E-F99C09443741} = {2BDBC979-14D4-4885-A669-63C42F58959F}
		{9B9A9FD3-E7F8-4201-85E4-43E9766DD881} = {A4FB213A-074A-4872-B289-8D83F4973374}
		{BBBCCF1B-690D-47BF-8ADD-DEAF1E547695} = {A4FC4A5E-B281-4B15-9936-9E8DA8E597A7}
		{14224CC5-FDBE-4411-A710-E447742F0830} = {BBBCCF1B-690D-47BF-8ADD-DEAF1E547695}
		{65D212C2-462C-488B-8F68-B6AFBC23495E} = {A4FC4A5E-B281-4B15-9936-9E8DA8E597A7}
		{74BDEBEB-370E-4EE3-B2DF-D0E6E09856AD} = {BBBCCF1B-690D-47BF-8ADD-DEAF1E547695}
		{3BF4EE86-E412-4D76-B719-91E277F7D654} = {1F85742B-7632-4C43-9EF7-8E48C66BE925}
		{B592EE53-6774-46D2-B94D-47C50C01CF53} = {1F85742B-7632-4C43-9EF7-8E48C66BE925}
		{1F85742B-7632-4C43-9EF7-8E48C66BE925} = {4C1C4B7D-E7A0-4BE8-8A25-184895E7D6FF}
		{1AEBF4E8-1D36-482D-8636-478D4BAAF1C0} = {BBBCCF1B-690D-47BF-8ADD-DEAF1E547695}
		{F4EC66A4-E5A9-4E05-9B09-C2FC373C6E64} = {BBBCCF1B-690D-47BF-8ADD-DEAF1E547695}
		{7B2ABF72-FEC2-4BC8-959A-DA208033AE41} = {A4FC4A5E-B281-4B15-9936-9E8DA8E597A7}
		{C2B45E13-C681-47C0-B3BF-FBA91AD349DE} = {A4FC4A5E-B281-4B15-9936-9E8DA8E597A7}
		{F524FDD6-151A-4B0A-BFBF-D659B62894F9} = {4C1C4B7D-E7A0-4BE8-8A25-184895E7D6FF}
	EndGlobalSection
	GlobalSection(ExtensibilityGlobals) = postSolution
		SolutionGuid = {F5F89B58-6C55-4263-80BB-69549FC838F9}
	EndGlobalSection
EndGlobal
